// !$*UTF8*$!
{
	archiveVersion = 1;
	classes = {
	};
	objectVersion = 51;
	objects = {

/* Begin PBXBuildFile section */
		6D6DEE85A2FB2E655BC3D0E6 /* Pods_Pickup_Basketball_QueueTests.framework in Frameworks */ = {isa = PBXBuildFile; fileRef = A62719F011DD1DDFA7293EA3 /* Pods_Pickup_Basketball_QueueTests.framework */; };
		850D190B249AAA6200A08DE2 /* AppDelegate.swift in Sources */ = {isa = PBXBuildFile; fileRef = 850D190A249AAA6200A08DE2 /* AppDelegate.swift */; };
		850D190D249AAA6200A08DE2 /* SceneDelegate.swift in Sources */ = {isa = PBXBuildFile; fileRef = 850D190C249AAA6200A08DE2 /* SceneDelegate.swift */; };
		850D1912249AAA6200A08DE2 /* Main.storyboard in Resources */ = {isa = PBXBuildFile; fileRef = 850D1910249AAA6200A08DE2 /* Main.storyboard */; };
		850D1914249AAA6600A08DE2 /* Assets.xcassets in Resources */ = {isa = PBXBuildFile; fileRef = 850D1913249AAA6600A08DE2 /* Assets.xcassets */; };
		850D1917249AAA6600A08DE2 /* LaunchScreen.storyboard in Resources */ = {isa = PBXBuildFile; fileRef = 850D1915249AAA6600A08DE2 /* LaunchScreen.storyboard */; };
		850D1922249AAA6600A08DE2 /* Pickup_Basketball_QueueTests.swift in Sources */ = {isa = PBXBuildFile; fileRef = 850D1921249AAA6600A08DE2 /* Pickup_Basketball_QueueTests.swift */; };
		850D1931249AADFA00A08DE2 /* SignInVC.swift in Sources */ = {isa = PBXBuildFile; fileRef = 850D1930249AADFA00A08DE2 /* SignInVC.swift */; };
		850D1933249BD69B00A08DE2 /* Player.swift in Sources */ = {isa = PBXBuildFile; fileRef = 850D1932249BD69B00A08DE2 /* Player.swift */; };
		850D1937249D1B8600A08DE2 /* AuthService.swift in Sources */ = {isa = PBXBuildFile; fileRef = 850D1936249D1B8600A08DE2 /* AuthService.swift */; };
		8517850A24AC2A6C0033D985 /* AddGymVC.swift in Sources */ = {isa = PBXBuildFile; fileRef = 8517850924AC2A6C0033D985 /* AddGymVC.swift */; };
		8517850C24AC2A8D0033D985 /* CourtOptionsVC.swift in Sources */ = {isa = PBXBuildFile; fileRef = 8517850B24AC2A8D0033D985 /* CourtOptionsVC.swift */; };
		8517850E24AC2B150033D985 /* GymCell.swift in Sources */ = {isa = PBXBuildFile; fileRef = 8517850D24AC2B150033D985 /* GymCell.swift */; };
		8517851024AC2B260033D985 /* CourtCell.swift in Sources */ = {isa = PBXBuildFile; fileRef = 8517850F24AC2B260033D985 /* CourtCell.swift */; };
		8526E9B624A195D800F9675B /* DataService.swift in Sources */ = {isa = PBXBuildFile; fileRef = 8526E9B524A195D800F9675B /* DataService.swift */; };
		8526E9B824A3B0F300F9675B /* PlayerCreationVC.swift in Sources */ = {isa = PBXBuildFile; fileRef = 8526E9B724A3B0F300F9675B /* PlayerCreationVC.swift */; };
		8526E9BA24A3B10300F9675B /* GymCreationVC.swift in Sources */ = {isa = PBXBuildFile; fileRef = 8526E9B924A3B10300F9675B /* GymCreationVC.swift */; };
		8579678224A592B300CF7239 /* StorageService.swift in Sources */ = {isa = PBXBuildFile; fileRef = 8579678124A592B300CF7239 /* StorageService.swift */; };
		85923B8D24B4D88A00A2C7A9 /* GymDashboardCell.swift in Sources */ = {isa = PBXBuildFile; fileRef = 85923B8C24B4D88A00A2C7A9 /* GymDashboardCell.swift */; };
		85923B8F24B6187900A2C7A9 /* Court.swift in Sources */ = {isa = PBXBuildFile; fileRef = 85923B8E24B6187900A2C7A9 /* Court.swift */; };
		85923B9124B61BE600A2C7A9 /* CourtService.swift in Sources */ = {isa = PBXBuildFile; fileRef = 85923B9024B61BE600A2C7A9 /* CourtService.swift */; };
		85923B9324B62DC400A2C7A9 /* GymDashboardVC.swift in Sources */ = {isa = PBXBuildFile; fileRef = 85923B9224B62DC400A2C7A9 /* GymDashboardVC.swift */; };
		85A35D11249D2A5E00831D8A /* PlayerVC.swift in Sources */ = {isa = PBXBuildFile; fileRef = 85A35D10249D2A5E00831D8A /* PlayerVC.swift */; };
		85A35D15249E98DA00831D8A /* GoogleService-Info.plist in Resources */ = {isa = PBXBuildFile; fileRef = 85A35D14249E98DA00831D8A /* GoogleService-Info.plist */; };
		85A35D1724A18EBB00831D8A /* QueueCell.swift in Sources */ = {isa = PBXBuildFile; fileRef = 85A35D1624A18EBB00831D8A /* QueueCell.swift */; };
		85A4220B24AC1FBC003EA077 /* PlayerDashboardCell.swift in Sources */ = {isa = PBXBuildFile; fileRef = 85A4220A24AC1FBC003EA077 /* PlayerDashboardCell.swift */; };
		85A4220D24AC1FE8003EA077 /* PlayerDashboardVC.swift in Sources */ = {isa = PBXBuildFile; fileRef = 85A4220C24AC1FE8003EA077 /* PlayerDashboardVC.swift */; };
		85F013ED24A68E5000FA77E5 /* Gym.swift in Sources */ = {isa = PBXBuildFile; fileRef = 85F013EC24A68E5000FA77E5 /* Gym.swift */; };
		DB6E691039C630D40055DDD0 /* Pods_Pickup_Basketball_Queue.framework in Frameworks */ = {isa = PBXBuildFile; fileRef = BCA4CE4259B80438C1408454 /* Pods_Pickup_Basketball_Queue.framework */; };
/* End PBXBuildFile section */

/* Begin PBXContainerItemProxy section */
		850D191E249AAA6600A08DE2 /* PBXContainerItemProxy */ = {
			isa = PBXContainerItemProxy;
			containerPortal = 850D18FF249AAA6200A08DE2 /* Project object */;
			proxyType = 1;
			remoteGlobalIDString = 850D1906249AAA6200A08DE2;
			remoteInfo = "Pickup-Basketball-Queue";
		};
/* End PBXContainerItemProxy section */

/* Begin PBXFileReference section */
		1284A5775CBD4C471872BD7E /* Pods-Pickup-Basketball-Queue.debug.xcconfig */ = {isa = PBXFileReference; includeInIndex = 1; lastKnownFileType = text.xcconfig; name = "Pods-Pickup-Basketball-Queue.debug.xcconfig"; path = "Target Support Files/Pods-Pickup-Basketball-Queue/Pods-Pickup-Basketball-Queue.debug.xcconfig"; sourceTree = "<group>"; };
		325790D9E39994A92F275CD7 /* Pods-Pickup-Basketball-Queue-Pickup-Basketball-QueueTests.debug.xcconfig */ = {isa = PBXFileReference; includeInIndex = 1; lastKnownFileType = text.xcconfig; name = "Pods-Pickup-Basketball-Queue-Pickup-Basketball-QueueTests.debug.xcconfig"; path = "Target Support Files/Pods-Pickup-Basketball-Queue-Pickup-Basketball-QueueTests/Pods-Pickup-Basketball-Queue-Pickup-Basketball-QueueTests.debug.xcconfig"; sourceTree = "<group>"; };
		43FF6C31D4130403688A087A /* Pods-Pickup-Basketball-Queue.release.xcconfig */ = {isa = PBXFileReference; includeInIndex = 1; lastKnownFileType = text.xcconfig; name = "Pods-Pickup-Basketball-Queue.release.xcconfig"; path = "Target Support Files/Pods-Pickup-Basketball-Queue/Pods-Pickup-Basketball-Queue.release.xcconfig"; sourceTree = "<group>"; };
		6F1D5F8A82132076E3DBE4A4 /* Pods-Pickup-Basketball-QueueTests.debug.xcconfig */ = {isa = PBXFileReference; includeInIndex = 1; lastKnownFileType = text.xcconfig; name = "Pods-Pickup-Basketball-QueueTests.debug.xcconfig"; path = "Target Support Files/Pods-Pickup-Basketball-QueueTests/Pods-Pickup-Basketball-QueueTests.debug.xcconfig"; sourceTree = "<group>"; };
		850D1907249AAA6200A08DE2 /* Pickup-Basketball-Queue.app */ = {isa = PBXFileReference; explicitFileType = wrapper.application; includeInIndex = 0; path = "Pickup-Basketball-Queue.app"; sourceTree = BUILT_PRODUCTS_DIR; };
		850D190A249AAA6200A08DE2 /* AppDelegate.swift */ = {isa = PBXFileReference; lastKnownFileType = sourcecode.swift; path = AppDelegate.swift; sourceTree = "<group>"; };
		850D190C249AAA6200A08DE2 /* SceneDelegate.swift */ = {isa = PBXFileReference; lastKnownFileType = sourcecode.swift; path = SceneDelegate.swift; sourceTree = "<group>"; };
		850D1911249AAA6200A08DE2 /* Base */ = {isa = PBXFileReference; lastKnownFileType = file.storyboard; name = Base; path = Base.lproj/Main.storyboard; sourceTree = "<group>"; };
		850D1913249AAA6600A08DE2 /* Assets.xcassets */ = {isa = PBXFileReference; lastKnownFileType = folder.assetcatalog; path = Assets.xcassets; sourceTree = "<group>"; };
		850D1916249AAA6600A08DE2 /* Base */ = {isa = PBXFileReference; lastKnownFileType = file.storyboard; name = Base; path = Base.lproj/LaunchScreen.storyboard; sourceTree = "<group>"; };
		850D1918249AAA6600A08DE2 /* Info.plist */ = {isa = PBXFileReference; lastKnownFileType = text.plist.xml; path = Info.plist; sourceTree = "<group>"; };
		850D191D249AAA6600A08DE2 /* Pickup-Basketball-QueueTests.xctest */ = {isa = PBXFileReference; explicitFileType = wrapper.cfbundle; includeInIndex = 0; path = "Pickup-Basketball-QueueTests.xctest"; sourceTree = BUILT_PRODUCTS_DIR; };
		850D1921249AAA6600A08DE2 /* Pickup_Basketball_QueueTests.swift */ = {isa = PBXFileReference; lastKnownFileType = sourcecode.swift; path = Pickup_Basketball_QueueTests.swift; sourceTree = "<group>"; };
		850D1923249AAA6600A08DE2 /* Info.plist */ = {isa = PBXFileReference; lastKnownFileType = text.plist.xml; path = Info.plist; sourceTree = "<group>"; };
		850D1930249AADFA00A08DE2 /* SignInVC.swift */ = {isa = PBXFileReference; lastKnownFileType = sourcecode.swift; path = SignInVC.swift; sourceTree = "<group>"; };
		850D1932249BD69B00A08DE2 /* Player.swift */ = {isa = PBXFileReference; lastKnownFileType = sourcecode.swift; path = Player.swift; sourceTree = "<group>"; };
		850D1936249D1B8600A08DE2 /* AuthService.swift */ = {isa = PBXFileReference; lastKnownFileType = sourcecode.swift; path = AuthService.swift; sourceTree = "<group>"; };
		8517850924AC2A6C0033D985 /* AddGymVC.swift */ = {isa = PBXFileReference; lastKnownFileType = sourcecode.swift; path = AddGymVC.swift; sourceTree = "<group>"; };
		8517850B24AC2A8D0033D985 /* CourtOptionsVC.swift */ = {isa = PBXFileReference; lastKnownFileType = sourcecode.swift; path = CourtOptionsVC.swift; sourceTree = "<group>"; };
		8517850D24AC2B150033D985 /* GymCell.swift */ = {isa = PBXFileReference; lastKnownFileType = sourcecode.swift; path = GymCell.swift; sourceTree = "<group>"; };
		8517850F24AC2B260033D985 /* CourtCell.swift */ = {isa = PBXFileReference; lastKnownFileType = sourcecode.swift; path = CourtCell.swift; sourceTree = "<group>"; };
		8526E9B524A195D800F9675B /* DataService.swift */ = {isa = PBXFileReference; lastKnownFileType = sourcecode.swift; path = DataService.swift; sourceTree = "<group>"; };
		8526E9B724A3B0F300F9675B /* PlayerCreationVC.swift */ = {isa = PBXFileReference; lastKnownFileType = sourcecode.swift; path = PlayerCreationVC.swift; sourceTree = "<group>"; };
		8526E9B924A3B10300F9675B /* GymCreationVC.swift */ = {isa = PBXFileReference; lastKnownFileType = sourcecode.swift; path = GymCreationVC.swift; sourceTree = "<group>"; };
		8579678124A592B300CF7239 /* StorageService.swift */ = {isa = PBXFileReference; lastKnownFileType = sourcecode.swift; path = StorageService.swift; sourceTree = "<group>"; };
		85923B8C24B4D88A00A2C7A9 /* GymDashboardCell.swift */ = {isa = PBXFileReference; lastKnownFileType = sourcecode.swift; path = GymDashboardCell.swift; sourceTree = "<group>"; };
		85923B8E24B6187900A2C7A9 /* Court.swift */ = {isa = PBXFileReference; lastKnownFileType = sourcecode.swift; path = Court.swift; sourceTree = "<group>"; };
		85923B9024B61BE600A2C7A9 /* CourtService.swift */ = {isa = PBXFileReference; lastKnownFileType = sourcecode.swift; path = CourtService.swift; sourceTree = "<group>"; };
		85923B9224B62DC400A2C7A9 /* GymDashboardVC.swift */ = {isa = PBXFileReference; lastKnownFileType = sourcecode.swift; path = GymDashboardVC.swift; sourceTree = "<group>"; };
		85A35D10249D2A5E00831D8A /* PlayerVC.swift */ = {isa = PBXFileReference; lastKnownFileType = sourcecode.swift; path = PlayerVC.swift; sourceTree = "<group>"; };
		85A35D14249E98DA00831D8A /* GoogleService-Info.plist */ = {isa = PBXFileReference; fileEncoding = 4; lastKnownFileType = text.plist.xml; path = "GoogleService-Info.plist"; sourceTree = "<group>"; };
		85A35D1624A18EBB00831D8A /* QueueCell.swift */ = {isa = PBXFileReference; lastKnownFileType = sourcecode.swift; path = QueueCell.swift; sourceTree = "<group>"; };
		85A4220A24AC1FBC003EA077 /* PlayerDashboardCell.swift */ = {isa = PBXFileReference; lastKnownFileType = sourcecode.swift; path = PlayerDashboardCell.swift; sourceTree = "<group>"; };
		85A4220C24AC1FE8003EA077 /* PlayerDashboardVC.swift */ = {isa = PBXFileReference; lastKnownFileType = sourcecode.swift; path = PlayerDashboardVC.swift; sourceTree = "<group>"; };
		85F013EC24A68E5000FA77E5 /* Gym.swift */ = {isa = PBXFileReference; lastKnownFileType = sourcecode.swift; path = Gym.swift; sourceTree = "<group>"; };
		9829A58B254CBF1767FB2169 /* Pods-Pickup-Basketball-QueueTests.release.xcconfig */ = {isa = PBXFileReference; includeInIndex = 1; lastKnownFileType = text.xcconfig; name = "Pods-Pickup-Basketball-QueueTests.release.xcconfig"; path = "Target Support Files/Pods-Pickup-Basketball-QueueTests/Pods-Pickup-Basketball-QueueTests.release.xcconfig"; sourceTree = "<group>"; };
		9BA0F8E374D21B583E1444A2 /* Pods-Pickup-Basketball-Queue-Pickup-Basketball-QueueTests.release.xcconfig */ = {isa = PBXFileReference; includeInIndex = 1; lastKnownFileType = text.xcconfig; name = "Pods-Pickup-Basketball-Queue-Pickup-Basketball-QueueTests.release.xcconfig"; path = "Target Support Files/Pods-Pickup-Basketball-Queue-Pickup-Basketball-QueueTests/Pods-Pickup-Basketball-Queue-Pickup-Basketball-QueueTests.release.xcconfig"; sourceTree = "<group>"; };
		A62719F011DD1DDFA7293EA3 /* Pods_Pickup_Basketball_QueueTests.framework */ = {isa = PBXFileReference; explicitFileType = wrapper.framework; includeInIndex = 0; path = Pods_Pickup_Basketball_QueueTests.framework; sourceTree = BUILT_PRODUCTS_DIR; };
		BCA4CE4259B80438C1408454 /* Pods_Pickup_Basketball_Queue.framework */ = {isa = PBXFileReference; explicitFileType = wrapper.framework; includeInIndex = 0; path = Pods_Pickup_Basketball_Queue.framework; sourceTree = BUILT_PRODUCTS_DIR; };
/* End PBXFileReference section */

/* Begin PBXFrameworksBuildPhase section */
		850D1904249AAA6200A08DE2 /* Frameworks */ = {
			isa = PBXFrameworksBuildPhase;
			buildActionMask = 2147483647;
			files = (
				DB6E691039C630D40055DDD0 /* Pods_Pickup_Basketball_Queue.framework in Frameworks */,
			);
			runOnlyForDeploymentPostprocessing = 0;
		};
		850D191A249AAA6600A08DE2 /* Frameworks */ = {
			isa = PBXFrameworksBuildPhase;
			buildActionMask = 2147483647;
			files = (
				6D6DEE85A2FB2E655BC3D0E6 /* Pods_Pickup_Basketball_QueueTests.framework in Frameworks */,
			);
			runOnlyForDeploymentPostprocessing = 0;
		};
/* End PBXFrameworksBuildPhase section */

/* Begin PBXGroup section */
		850D18FE249AAA6200A08DE2 = {
			isa = PBXGroup;
			children = (
				850D1909249AAA6200A08DE2 /* Pickup-Basketball-Queue */,
				850D1920249AAA6600A08DE2 /* Pickup-Basketball-QueueTests */,
				850D1908249AAA6200A08DE2 /* Products */,
				8AF330D9C5FF370B85350B56 /* Pods */,
				8A6140C294345E3A8255F1AD /* Frameworks */,
			);
			sourceTree = "<group>";
		};
		850D1908249AAA6200A08DE2 /* Products */ = {
			isa = PBXGroup;
			children = (
				850D1907249AAA6200A08DE2 /* Pickup-Basketball-Queue.app */,
				850D191D249AAA6600A08DE2 /* Pickup-Basketball-QueueTests.xctest */,
			);
			name = Products;
			sourceTree = "<group>";
		};
		850D1909249AAA6200A08DE2 /* Pickup-Basketball-Queue */ = {
			isa = PBXGroup;
			children = (
				850D192F249AADC600A08DE2 /* Controller */,
				850D192E249AADBC00A08DE2 /* View */,
				850D192D249AADB400A08DE2 /* Model */,
				850D192C249AADAB00A08DE2 /* Services */,
				850D190A249AAA6200A08DE2 /* AppDelegate.swift */,
				85A35D14249E98DA00831D8A /* GoogleService-Info.plist */,
				850D190C249AAA6200A08DE2 /* SceneDelegate.swift */,
				850D1910249AAA6200A08DE2 /* Main.storyboard */,
				850D1913249AAA6600A08DE2 /* Assets.xcassets */,
				850D1915249AAA6600A08DE2 /* LaunchScreen.storyboard */,
				850D1918249AAA6600A08DE2 /* Info.plist */,
			);
			path = "Pickup-Basketball-Queue";
			sourceTree = "<group>";
		};
		850D1920249AAA6600A08DE2 /* Pickup-Basketball-QueueTests */ = {
			isa = PBXGroup;
			children = (
				850D1921249AAA6600A08DE2 /* Pickup_Basketball_QueueTests.swift */,
				850D1923249AAA6600A08DE2 /* Info.plist */,
			);
			path = "Pickup-Basketball-QueueTests";
			sourceTree = "<group>";
		};
		850D192C249AADAB00A08DE2 /* Services */ = {
			isa = PBXGroup;
			children = (
				850D1936249D1B8600A08DE2 /* AuthService.swift */,
				8526E9B524A195D800F9675B /* DataService.swift */,
				85923B9024B61BE600A2C7A9 /* CourtService.swift */,
				8579678124A592B300CF7239 /* StorageService.swift */,
			);
			path = Services;
			sourceTree = "<group>";
		};
		850D192D249AADB400A08DE2 /* Model */ = {
			isa = PBXGroup;
			children = (
				850D1932249BD69B00A08DE2 /* Player.swift */,
				85F013EC24A68E5000FA77E5 /* Gym.swift */,
				85923B8E24B6187900A2C7A9 /* Court.swift */,
			);
			path = Model;
			sourceTree = "<group>";
		};
		850D192E249AADBC00A08DE2 /* View */ = {
			isa = PBXGroup;
			children = (
				85A35D1624A18EBB00831D8A /* QueueCell.swift */,
				85A4220A24AC1FBC003EA077 /* PlayerDashboardCell.swift */,
				8517850D24AC2B150033D985 /* GymCell.swift */,
				8517850F24AC2B260033D985 /* CourtCell.swift */,
				85923B8C24B4D88A00A2C7A9 /* GymDashboardCell.swift */,
			);
			path = View;
			sourceTree = "<group>";
		};
		850D192F249AADC600A08DE2 /* Controller */ = {
			isa = PBXGroup;
			children = (
				850D1930249AADFA00A08DE2 /* SignInVC.swift */,
				85A35D10249D2A5E00831D8A /* PlayerVC.swift */,
				8526E9B724A3B0F300F9675B /* PlayerCreationVC.swift */,
				8526E9B924A3B10300F9675B /* GymCreationVC.swift */,
				85A4220C24AC1FE8003EA077 /* PlayerDashboardVC.swift */,
				8517850924AC2A6C0033D985 /* AddGymVC.swift */,
				8517850B24AC2A8D0033D985 /* CourtOptionsVC.swift */,
				85923B9224B62DC400A2C7A9 /* GymDashboardVC.swift */,
			);
			path = Controller;
			sourceTree = "<group>";
		};
		8A6140C294345E3A8255F1AD /* Frameworks */ = {
			isa = PBXGroup;
			children = (
				BCA4CE4259B80438C1408454 /* Pods_Pickup_Basketball_Queue.framework */,
				A62719F011DD1DDFA7293EA3 /* Pods_Pickup_Basketball_QueueTests.framework */,
			);
			name = Frameworks;
			sourceTree = "<group>";
		};
		8AF330D9C5FF370B85350B56 /* Pods */ = {
			isa = PBXGroup;
			children = (
				1284A5775CBD4C471872BD7E /* Pods-Pickup-Basketball-Queue.debug.xcconfig */,
				43FF6C31D4130403688A087A /* Pods-Pickup-Basketball-Queue.release.xcconfig */,
				6F1D5F8A82132076E3DBE4A4 /* Pods-Pickup-Basketball-QueueTests.debug.xcconfig */,
				9829A58B254CBF1767FB2169 /* Pods-Pickup-Basketball-QueueTests.release.xcconfig */,
				325790D9E39994A92F275CD7 /* Pods-Pickup-Basketball-Queue-Pickup-Basketball-QueueTests.debug.xcconfig */,
				9BA0F8E374D21B583E1444A2 /* Pods-Pickup-Basketball-Queue-Pickup-Basketball-QueueTests.release.xcconfig */,
			);
			path = Pods;
			sourceTree = "<group>";
		};
/* End PBXGroup section */

/* Begin PBXNativeTarget section */
		850D1906249AAA6200A08DE2 /* Pickup-Basketball-Queue */ = {
			isa = PBXNativeTarget;
			buildConfigurationList = 850D1926249AAA6700A08DE2 /* Build configuration list for PBXNativeTarget "Pickup-Basketball-Queue" */;
			buildPhases = (
				6AD3E8F1D18A4AD10841B096 /* [CP] Check Pods Manifest.lock */,
				850D1903249AAA6200A08DE2 /* Sources */,
				850D1904249AAA6200A08DE2 /* Frameworks */,
				850D1905249AAA6200A08DE2 /* Resources */,
				0B9FA6E36F0AC688AA569716 /* [CP] Embed Pods Frameworks */,
			);
			buildRules = (
			);
			dependencies = (
			);
			name = "Pickup-Basketball-Queue";
			productName = "Pickup-Basketball-Queue";
			productReference = 850D1907249AAA6200A08DE2 /* Pickup-Basketball-Queue.app */;
			productType = "com.apple.product-type.application";
		};
		850D191C249AAA6600A08DE2 /* Pickup-Basketball-QueueTests */ = {
			isa = PBXNativeTarget;
			buildConfigurationList = 850D1929249AAA6700A08DE2 /* Build configuration list for PBXNativeTarget "Pickup-Basketball-QueueTests" */;
			buildPhases = (
				87D3836470C12C54001B51E3 /* [CP] Check Pods Manifest.lock */,
				850D1919249AAA6600A08DE2 /* Sources */,
				850D191A249AAA6600A08DE2 /* Frameworks */,
				850D191B249AAA6600A08DE2 /* Resources */,
			);
			buildRules = (
			);
			dependencies = (
				850D191F249AAA6600A08DE2 /* PBXTargetDependency */,
			);
			name = "Pickup-Basketball-QueueTests";
			productName = "Pickup-Basketball-QueueTests";
			productReference = 850D191D249AAA6600A08DE2 /* Pickup-Basketball-QueueTests.xctest */;
			productType = "com.apple.product-type.bundle.unit-test";
		};
/* End PBXNativeTarget section */

/* Begin PBXProject section */
		850D18FF249AAA6200A08DE2 /* Project object */ = {
			isa = PBXProject;
			attributes = {
				LastSwiftUpdateCheck = 1150;
				LastUpgradeCheck = 1150;
				ORGANIZATIONNAME = "Ben Arteaga";
				TargetAttributes = {
					850D1906249AAA6200A08DE2 = {
						CreatedOnToolsVersion = 11.5;
					};
					850D191C249AAA6600A08DE2 = {
						CreatedOnToolsVersion = 11.5;
						TestTargetID = 850D1906249AAA6200A08DE2;
					};
				};
			};
			buildConfigurationList = 850D1902249AAA6200A08DE2 /* Build configuration list for PBXProject "Pickup-Basketball-Queue" */;
			compatibilityVersion = "Xcode 9.3";
			developmentRegion = en;
			hasScannedForEncodings = 0;
			knownRegions = (
				en,
				Base,
			);
			mainGroup = 850D18FE249AAA6200A08DE2;
			productRefGroup = 850D1908249AAA6200A08DE2 /* Products */;
			projectDirPath = "";
			projectRoot = "";
			targets = (
				850D1906249AAA6200A08DE2 /* Pickup-Basketball-Queue */,
				850D191C249AAA6600A08DE2 /* Pickup-Basketball-QueueTests */,
			);
		};
/* End PBXProject section */

/* Begin PBXResourcesBuildPhase section */
		850D1905249AAA6200A08DE2 /* Resources */ = {
			isa = PBXResourcesBuildPhase;
			buildActionMask = 2147483647;
			files = (
				850D1917249AAA6600A08DE2 /* LaunchScreen.storyboard in Resources */,
				850D1914249AAA6600A08DE2 /* Assets.xcassets in Resources */,
				850D1912249AAA6200A08DE2 /* Main.storyboard in Resources */,
				85A35D15249E98DA00831D8A /* GoogleService-Info.plist in Resources */,
			);
			runOnlyForDeploymentPostprocessing = 0;
		};
		850D191B249AAA6600A08DE2 /* Resources */ = {
			isa = PBXResourcesBuildPhase;
			buildActionMask = 2147483647;
			files = (
			);
			runOnlyForDeploymentPostprocessing = 0;
		};
/* End PBXResourcesBuildPhase section */

/* Begin PBXShellScriptBuildPhase section */
		0B9FA6E36F0AC688AA569716 /* [CP] Embed Pods Frameworks */ = {
			isa = PBXShellScriptBuildPhase;
			buildActionMask = 2147483647;
			files = (
			);
			inputFileListPaths = (
				"${PODS_ROOT}/Target Support Files/Pods-Pickup-Basketball-Queue/Pods-Pickup-Basketball-Queue-frameworks-${CONFIGURATION}-input-files.xcfilelist",
			);
			name = "[CP] Embed Pods Frameworks";
			outputFileListPaths = (
				"${PODS_ROOT}/Target Support Files/Pods-Pickup-Basketball-Queue/Pods-Pickup-Basketball-Queue-frameworks-${CONFIGURATION}-output-files.xcfilelist",
			);
			runOnlyForDeploymentPostprocessing = 0;
			shellPath = /bin/sh;
			shellScript = "\"${PODS_ROOT}/Target Support Files/Pods-Pickup-Basketball-Queue/Pods-Pickup-Basketball-Queue-frameworks.sh\"\n";
			showEnvVarsInLog = 0;
		};
		6AD3E8F1D18A4AD10841B096 /* [CP] Check Pods Manifest.lock */ = {
			isa = PBXShellScriptBuildPhase;
			buildActionMask = 2147483647;
			files = (
			);
			inputFileListPaths = (
			);
			inputPaths = (
				"${PODS_PODFILE_DIR_PATH}/Podfile.lock",
				"${PODS_ROOT}/Manifest.lock",
			);
			name = "[CP] Check Pods Manifest.lock";
			outputFileListPaths = (
			);
			outputPaths = (
				"$(DERIVED_FILE_DIR)/Pods-Pickup-Basketball-Queue-checkManifestLockResult.txt",
			);
			runOnlyForDeploymentPostprocessing = 0;
			shellPath = /bin/sh;
			shellScript = "diff \"${PODS_PODFILE_DIR_PATH}/Podfile.lock\" \"${PODS_ROOT}/Manifest.lock\" > /dev/null\nif [ $? != 0 ] ; then\n    # print error to STDERR\n    echo \"error: The sandbox is not in sync with the Podfile.lock. Run 'pod install' or update your CocoaPods installation.\" >&2\n    exit 1\nfi\n# This output is used by Xcode 'outputs' to avoid re-running this script phase.\necho \"SUCCESS\" > \"${SCRIPT_OUTPUT_FILE_0}\"\n";
			showEnvVarsInLog = 0;
		};
		87D3836470C12C54001B51E3 /* [CP] Check Pods Manifest.lock */ = {
			isa = PBXShellScriptBuildPhase;
			buildActionMask = 2147483647;
			files = (
			);
			inputFileListPaths = (
			);
			inputPaths = (
				"${PODS_PODFILE_DIR_PATH}/Podfile.lock",
				"${PODS_ROOT}/Manifest.lock",
			);
			name = "[CP] Check Pods Manifest.lock";
			outputFileListPaths = (
			);
			outputPaths = (
				"$(DERIVED_FILE_DIR)/Pods-Pickup-Basketball-QueueTests-checkManifestLockResult.txt",
			);
			runOnlyForDeploymentPostprocessing = 0;
			shellPath = /bin/sh;
			shellScript = "diff \"${PODS_PODFILE_DIR_PATH}/Podfile.lock\" \"${PODS_ROOT}/Manifest.lock\" > /dev/null\nif [ $? != 0 ] ; then\n    # print error to STDERR\n    echo \"error: The sandbox is not in sync with the Podfile.lock. Run 'pod install' or update your CocoaPods installation.\" >&2\n    exit 1\nfi\n# This output is used by Xcode 'outputs' to avoid re-running this script phase.\necho \"SUCCESS\" > \"${SCRIPT_OUTPUT_FILE_0}\"\n";
			showEnvVarsInLog = 0;
		};
/* End PBXShellScriptBuildPhase section */

/* Begin PBXSourcesBuildPhase section */
		850D1903249AAA6200A08DE2 /* Sources */ = {
			isa = PBXSourcesBuildPhase;
			buildActionMask = 2147483647;
			files = (
				8526E9B624A195D800F9675B /* DataService.swift in Sources */,
				8579678224A592B300CF7239 /* StorageService.swift in Sources */,
				85923B8F24B6187900A2C7A9 /* Court.swift in Sources */,
				850D1933249BD69B00A08DE2 /* Player.swift in Sources */,
				850D190B249AAA6200A08DE2 /* AppDelegate.swift in Sources */,
				85F013ED24A68E5000FA77E5 /* Gym.swift in Sources */,
				85A4220B24AC1FBC003EA077 /* PlayerDashboardCell.swift in Sources */,
				850D190D249AAA6200A08DE2 /* SceneDelegate.swift in Sources */,
				85A35D11249D2A5E00831D8A /* PlayerVC.swift in Sources */,
				85923B9324B62DC400A2C7A9 /* GymDashboardVC.swift in Sources */,
				8517850A24AC2A6C0033D985 /* AddGymVC.swift in Sources */,
				850D1937249D1B8600A08DE2 /* AuthService.swift in Sources */,
				85923B9124B61BE600A2C7A9 /* CourtService.swift in Sources */,
				8517850E24AC2B150033D985 /* GymCell.swift in Sources */,
				850D1931249AADFA00A08DE2 /* SignInVC.swift in Sources */,
				85A4220D24AC1FE8003EA077 /* PlayerDashboardVC.swift in Sources */,
				8517850C24AC2A8D0033D985 /* CourtOptionsVC.swift in Sources */,
				8517851024AC2B260033D985 /* CourtCell.swift in Sources */,
				8526E9B824A3B0F300F9675B /* PlayerCreationVC.swift in Sources */,
				8526E9BA24A3B10300F9675B /* GymCreationVC.swift in Sources */,
				85923B8D24B4D88A00A2C7A9 /* GymDashboardCell.swift in Sources */,
				85A35D1724A18EBB00831D8A /* QueueCell.swift in Sources */,
			);
			runOnlyForDeploymentPostprocessing = 0;
		};
		850D1919249AAA6600A08DE2 /* Sources */ = {
			isa = PBXSourcesBuildPhase;
			buildActionMask = 2147483647;
			files = (
				850D1922249AAA6600A08DE2 /* Pickup_Basketball_QueueTests.swift in Sources */,
			);
			runOnlyForDeploymentPostprocessing = 0;
		};
/* End PBXSourcesBuildPhase section */

/* Begin PBXTargetDependency section */
		850D191F249AAA6600A08DE2 /* PBXTargetDependency */ = {
			isa = PBXTargetDependency;
			target = 850D1906249AAA6200A08DE2 /* Pickup-Basketball-Queue */;
			targetProxy = 850D191E249AAA6600A08DE2 /* PBXContainerItemProxy */;
		};
/* End PBXTargetDependency section */

/* Begin PBXVariantGroup section */
		850D1910249AAA6200A08DE2 /* Main.storyboard */ = {
			isa = PBXVariantGroup;
			children = (
				850D1911249AAA6200A08DE2 /* Base */,
			);
			name = Main.storyboard;
			sourceTree = "<group>";
		};
		850D1915249AAA6600A08DE2 /* LaunchScreen.storyboard */ = {
			isa = PBXVariantGroup;
			children = (
				850D1916249AAA6600A08DE2 /* Base */,
			);
			name = LaunchScreen.storyboard;
			sourceTree = "<group>";
		};
/* End PBXVariantGroup section */

/* Begin XCBuildConfiguration section */
		850D1924249AAA6600A08DE2 /* Debug */ = {
			isa = XCBuildConfiguration;
			buildSettings = {
				ALWAYS_SEARCH_USER_PATHS = NO;
				CLANG_ANALYZER_NONNULL = YES;
				CLANG_ANALYZER_NUMBER_OBJECT_CONVERSION = YES_AGGRESSIVE;
				CLANG_CXX_LANGUAGE_STANDARD = "gnu++14";
				CLANG_CXX_LIBRARY = "libc++";
				CLANG_ENABLE_MODULES = YES;
				CLANG_ENABLE_OBJC_ARC = YES;
				CLANG_ENABLE_OBJC_WEAK = YES;
				CLANG_WARN_BLOCK_CAPTURE_AUTORELEASING = YES;
				CLANG_WARN_BOOL_CONVERSION = YES;
				CLANG_WARN_COMMA = YES;
				CLANG_WARN_CONSTANT_CONVERSION = YES;
				CLANG_WARN_DEPRECATED_OBJC_IMPLEMENTATIONS = YES;
				CLANG_WARN_DIRECT_OBJC_ISA_USAGE = YES_ERROR;
				CLANG_WARN_DOCUMENTATION_COMMENTS = YES;
				CLANG_WARN_EMPTY_BODY = YES;
				CLANG_WARN_ENUM_CONVERSION = YES;
				CLANG_WARN_INFINITE_RECURSION = YES;
				CLANG_WARN_INT_CONVERSION = YES;
				CLANG_WARN_NON_LITERAL_NULL_CONVERSION = YES;
				CLANG_WARN_OBJC_IMPLICIT_RETAIN_SELF = YES;
				CLANG_WARN_OBJC_LITERAL_CONVERSION = YES;
				CLANG_WARN_OBJC_ROOT_CLASS = YES_ERROR;
				CLANG_WARN_RANGE_LOOP_ANALYSIS = YES;
				CLANG_WARN_STRICT_PROTOTYPES = YES;
				CLANG_WARN_SUSPICIOUS_MOVE = YES;
				CLANG_WARN_UNGUARDED_AVAILABILITY = YES_AGGRESSIVE;
				CLANG_WARN_UNREACHABLE_CODE = YES;
				CLANG_WARN__DUPLICATE_METHOD_MATCH = YES;
				COPY_PHASE_STRIP = NO;
				DEBUG_INFORMATION_FORMAT = dwarf;
				ENABLE_STRICT_OBJC_MSGSEND = YES;
				ENABLE_TESTABILITY = YES;
				GCC_C_LANGUAGE_STANDARD = gnu11;
				GCC_DYNAMIC_NO_PIC = NO;
				GCC_NO_COMMON_BLOCKS = YES;
				GCC_OPTIMIZATION_LEVEL = 0;
				GCC_PREPROCESSOR_DEFINITIONS = (
					"DEBUG=1",
					"$(inherited)",
				);
				GCC_WARN_64_TO_32_BIT_CONVERSION = YES;
				GCC_WARN_ABOUT_RETURN_TYPE = YES_ERROR;
				GCC_WARN_UNDECLARED_SELECTOR = YES;
				GCC_WARN_UNINITIALIZED_AUTOS = YES_AGGRESSIVE;
				GCC_WARN_UNUSED_FUNCTION = YES;
				GCC_WARN_UNUSED_VARIABLE = YES;
				IPHONEOS_DEPLOYMENT_TARGET = 13.5;
				MTL_ENABLE_DEBUG_INFO = INCLUDE_SOURCE;
				MTL_FAST_MATH = YES;
				ONLY_ACTIVE_ARCH = YES;
				SDKROOT = iphoneos;
				SWIFT_ACTIVE_COMPILATION_CONDITIONS = DEBUG;
				SWIFT_OPTIMIZATION_LEVEL = "-Onone";
			};
			name = Debug;
		};
		850D1925249AAA6600A08DE2 /* Release */ = {
			isa = XCBuildConfiguration;
			buildSettings = {
				ALWAYS_SEARCH_USER_PATHS = NO;
				CLANG_ANALYZER_NONNULL = YES;
				CLANG_ANALYZER_NUMBER_OBJECT_CONVERSION = YES_AGGRESSIVE;
				CLANG_CXX_LANGUAGE_STANDARD = "gnu++14";
				CLANG_CXX_LIBRARY = "libc++";
				CLANG_ENABLE_MODULES = YES;
				CLANG_ENABLE_OBJC_ARC = YES;
				CLANG_ENABLE_OBJC_WEAK = YES;
				CLANG_WARN_BLOCK_CAPTURE_AUTORELEASING = YES;
				CLANG_WARN_BOOL_CONVERSION = YES;
				CLANG_WARN_COMMA = YES;
				CLANG_WARN_CONSTANT_CONVERSION = YES;
				CLANG_WARN_DEPRECATED_OBJC_IMPLEMENTATIONS = YES;
				CLANG_WARN_DIRECT_OBJC_ISA_USAGE = YES_ERROR;
				CLANG_WARN_DOCUMENTATION_COMMENTS = YES;
				CLANG_WARN_EMPTY_BODY = YES;
				CLANG_WARN_ENUM_CONVERSION = YES;
				CLANG_WARN_INFINITE_RECURSION = YES;
				CLANG_WARN_INT_CONVERSION = YES;
				CLANG_WARN_NON_LITERAL_NULL_CONVERSION = YES;
				CLANG_WARN_OBJC_IMPLICIT_RETAIN_SELF = YES;
				CLANG_WARN_OBJC_LITERAL_CONVERSION = YES;
				CLANG_WARN_OBJC_ROOT_CLASS = YES_ERROR;
				CLANG_WARN_RANGE_LOOP_ANALYSIS = YES;
				CLANG_WARN_STRICT_PROTOTYPES = YES;
				CLANG_WARN_SUSPICIOUS_MOVE = YES;
				CLANG_WARN_UNGUARDED_AVAILABILITY = YES_AGGRESSIVE;
				CLANG_WARN_UNREACHABLE_CODE = YES;
				CLANG_WARN__DUPLICATE_METHOD_MATCH = YES;
				COPY_PHASE_STRIP = NO;
				DEBUG_INFORMATION_FORMAT = "dwarf-with-dsym";
				ENABLE_NS_ASSERTIONS = NO;
				ENABLE_STRICT_OBJC_MSGSEND = YES;
				GCC_C_LANGUAGE_STANDARD = gnu11;
				GCC_NO_COMMON_BLOCKS = YES;
				GCC_WARN_64_TO_32_BIT_CONVERSION = YES;
				GCC_WARN_ABOUT_RETURN_TYPE = YES_ERROR;
				GCC_WARN_UNDECLARED_SELECTOR = YES;
				GCC_WARN_UNINITIALIZED_AUTOS = YES_AGGRESSIVE;
				GCC_WARN_UNUSED_FUNCTION = YES;
				GCC_WARN_UNUSED_VARIABLE = YES;
				IPHONEOS_DEPLOYMENT_TARGET = 13.5;
				MTL_ENABLE_DEBUG_INFO = NO;
				MTL_FAST_MATH = YES;
				SDKROOT = iphoneos;
				SWIFT_COMPILATION_MODE = wholemodule;
				SWIFT_OPTIMIZATION_LEVEL = "-O";
				VALIDATE_PRODUCT = YES;
			};
			name = Release;
		};
		850D1927249AAA6700A08DE2 /* Debug */ = {
			isa = XCBuildConfiguration;
			baseConfigurationReference = 1284A5775CBD4C471872BD7E /* Pods-Pickup-Basketball-Queue.debug.xcconfig */;
			buildSettings = {
				ASSETCATALOG_COMPILER_APPICON_NAME = AppIcon;
				CODE_SIGN_STYLE = Automatic;
				DEVELOPMENT_TEAM = Y3DAPHRXQ3;
				INFOPLIST_FILE = "Pickup-Basketball-Queue/Info.plist";
				LD_RUNPATH_SEARCH_PATHS = (
					"$(inherited)",
					"@executable_path/Frameworks",
				);
				PRODUCT_BUNDLE_IDENTIFIER = "edu.umich.barteaga.Pickup-Basketball-Queue";
				PRODUCT_NAME = "$(TARGET_NAME)";
				SWIFT_VERSION = 5.0;
				TARGETED_DEVICE_FAMILY = "1,2";
			};
			name = Debug;
		};
		850D1928249AAA6700A08DE2 /* Release */ = {
			isa = XCBuildConfiguration;
			baseConfigurationReference = 43FF6C31D4130403688A087A /* Pods-Pickup-Basketball-Queue.release.xcconfig */;
			buildSettings = {
				ASSETCATALOG_COMPILER_APPICON_NAME = AppIcon;
				CODE_SIGN_STYLE = Automatic;
				DEVELOPMENT_TEAM = Y3DAPHRXQ3;
				INFOPLIST_FILE = "Pickup-Basketball-Queue/Info.plist";
				LD_RUNPATH_SEARCH_PATHS = (
					"$(inherited)",
					"@executable_path/Frameworks",
				);
				PRODUCT_BUNDLE_IDENTIFIER = "edu.umich.barteaga.Pickup-Basketball-Queue";
				PRODUCT_NAME = "$(TARGET_NAME)";
				SWIFT_VERSION = 5.0;
				TARGETED_DEVICE_FAMILY = "1,2";
			};
			name = Release;
		};
		850D192A249AAA6700A08DE2 /* Debug */ = {
			isa = XCBuildConfiguration;
			baseConfigurationReference = 6F1D5F8A82132076E3DBE4A4 /* Pods-Pickup-Basketball-QueueTests.debug.xcconfig */;
			buildSettings = {
				ALWAYS_EMBED_SWIFT_STANDARD_LIBRARIES = YES;
				BUNDLE_LOADER = "$(TEST_HOST)";
				CODE_SIGN_STYLE = Automatic;
				INFOPLIST_FILE = "Pickup-Basketball-QueueTests/Info.plist";
				IPHONEOS_DEPLOYMENT_TARGET = 13.5;
				LD_RUNPATH_SEARCH_PATHS = (
					"$(inherited)",
					"@executable_path/Frameworks",
					"@loader_path/Frameworks",
				);
				PRODUCT_BUNDLE_IDENTIFIER = "edu.umich.barteaga.Pickup-Basketball-QueueTests";
				PRODUCT_NAME = "$(TARGET_NAME)";
				SWIFT_VERSION = 5.0;
				TARGETED_DEVICE_FAMILY = "1,2";
				TEST_HOST = "$(BUILT_PRODUCTS_DIR)/Pickup-Basketball-Queue.app/Pickup-Basketball-Queue";
			};
			name = Debug;
		};
		850D192B249AAA6700A08DE2 /* Release */ = {
			isa = XCBuildConfiguration;
			baseConfigurationReference = 9829A58B254CBF1767FB2169 /* Pods-Pickup-Basketball-QueueTests.release.xcconfig */;
			buildSettings = {
				ALWAYS_EMBED_SWIFT_STANDARD_LIBRARIES = YES;
				BUNDLE_LOADER = "$(TEST_HOST)";
				CODE_SIGN_STYLE = Automatic;
				INFOPLIST_FILE = "Pickup-Basketball-QueueTests/Info.plist";
				IPHONEOS_DEPLOYMENT_TARGET = 13.5;
				LD_RUNPATH_SEARCH_PATHS = (
					"$(inherited)",
					"@executable_path/Frameworks",
					"@loader_path/Frameworks",
				);
				PRODUCT_BUNDLE_IDENTIFIER = "edu.umich.barteaga.Pickup-Basketball-QueueTests";
				PRODUCT_NAME = "$(TARGET_NAME)";
				SWIFT_VERSION = 5.0;
				TARGETED_DEVICE_FAMILY = "1,2";
				TEST_HOST = "$(BUILT_PRODUCTS_DIR)/Pickup-Basketball-Queue.app/Pickup-Basketball-Queue";
			};
			name = Release;
		};
/* End XCBuildConfiguration section */

/* Begin XCConfigurationList section */
		850D1902249AAA6200A08DE2 /* Build configuration list for PBXProject "Pickup-Basketball-Queue" */ = {
			isa = XCConfigurationList;
			buildConfigurations = (
				850D1924249AAA6600A08DE2 /* Debug */,
				850D1925249AAA6600A08DE2 /* Release */,
			);
			defaultConfigurationIsVisible = 0;
			defaultConfigurationName = Release;
		};
		850D1926249AAA6700A08DE2 /* Build configuration list for PBXNativeTarget "Pickup-Basketball-Queue" */ = {
			isa = XCConfigurationList;
			buildConfigurations = (
				850D1927249AAA6700A08DE2 /* Debug */,
				850D1928249AAA6700A08DE2 /* Release */,
			);
			defaultConfigurationIsVisible = 0;
			defaultConfigurationName = Release;
		};
		850D1929249AAA6700A08DE2 /* Build configuration list for PBXNativeTarget "Pickup-Basketball-QueueTests" */ = {
			isa = XCConfigurationList;
			buildConfigurations = (
				850D192A249AAA6700A08DE2 /* Debug */,
				850D192B249AAA6700A08DE2 /* Release */,
			);
			defaultConfigurationIsVisible = 0;
			defaultConfigurationName = Release;
		};
/* End XCConfigurationList section */
	};
	rootObject = 850D18FF249AAA6200A08DE2 /* Project object */;
}
